
Microsoft Visual Studio Solution File, Format Version 12.00
# Visual Studio Version 16
VisualStudioVersion = 16.0.30523.141
MinimumVisualStudioVersion = 10.0.40219.1
Project("{FAE04EC0-301F-11D3-BF4B-00C04F79EFBC}") = "project5", "project5.csproj", "{114C573D-F888-412B-9623-284CA8FCD97E}"
EndProject
Global
	GlobalSection(SolutionConfigurationPlatforms) = preSolution
		Debug|Any CPU = Debug|Any CPU
		Release|Any CPU = Release|Any CPU
	EndGlobalSection
	GlobalSection(ProjectConfigurationPlatforms) = postSolution
		{114C573D-F888-412B-9623-284CA8FCD97E}.Debug|Any CPU.ActiveCfg = Debug|Any CPU
		{114C573D-F888-412B-9623-284CA8FCD97E}.Debug|Any CPU.Build.0 = Debug|Any CPU
		{114C573D-F888-412B-9623-284CA8FCD97E}.Release|Any CPU.ActiveCfg = Release|Any CPU
		{114C573D-F888-412B-9623-284CA8FCD97E}.Release|Any CPU.Build.0 = Release|Any CPU
	EndGlobalSection
	GlobalSection(SolutionProperties) = preSolution
		HideSolutionNode = FALSE
	EndGlobalSection
	GlobalSection(ExtensibilityGlobals) = postSolution
		SolutionGuid = {BBE2C90E-621E-45CD-9FC2-59B6C26F6D8B}
	EndGlobalSection
EndGlobal
